// !$*UTF8*$!
{
	archiveVersion = 1;
	classes = {
	};
	objectVersion = 77;
	objects = {

/* Begin PBXBuildFile section */
		7D73FF222F2A89E500590330 /* Yams in Frameworks */ = {isa = PBXBuildFile; productRef = 7D73FF212F2A89E500590330 /* Yams */; };
		7DE0B5702EECFC2E00BDEB94 /* Yams in Frameworks */ = {isa = PBXBuildFile; productRef = 7DE0B56F2EECFC2E00BDEB94 /* Yams */; };
/* End PBXBuildFile section */

/* Begin PBXContainerItemProxy section */
		7DE0B5352EECC49B00BDEB94 /* PBXContainerItemProxy */ = {
			isa = PBXContainerItemProxy;
			containerPortal = 7DE0B5172EECC49A00BDEB94 /* Project object */;
			proxyType = 1;
			remoteGlobalIDString = 7DE0B51E2EECC49A00BDEB94;
			remoteInfo = Borkle2;
		};
/* End PBXContainerItemProxy section */

/* Begin PBXCopyFilesBuildPhase section */
		7D73FF122F2A755800590330 /* CopyFiles */ = {
			isa = PBXCopyFilesBuildPhase;
			buildActionMask = 2147483647;
			dstPath = /usr/share/man/man1/;
			dstSubfolderSpec = 0;
			files = (
			);
			runOnlyForDeploymentPostprocessing = 1;
		};
/* End PBXCopyFilesBuildPhase section */

/* Begin PBXFileReference section */
		7D73FF142F2A755800590330 /* borkle1conv */ = {isa = PBXFileReference; explicitFileType = "compiled.mach-o.executable"; includeInIndex = 0; path = borkle1conv; sourceTree = BUILT_PRODUCTS_DIR; };
		7DE0B51F2EECC49A00BDEB94 /* Borkle2.app */ = {isa = PBXFileReference; explicitFileType = wrapper.application; includeInIndex = 0; path = Borkle2.app; sourceTree = BUILT_PRODUCTS_DIR; };
		7DE0B5342EECC49B00BDEB94 /* Borkle2Tests.xctest */ = {isa = PBXFileReference; explicitFileType = wrapper.cfbundle; includeInIndex = 0; path = Borkle2Tests.xctest; sourceTree = BUILT_PRODUCTS_DIR; };
/* End PBXFileReference section */

/* Begin PBXFileSystemSynchronizedBuildFileExceptionSet section */
		7D73FF202F2A766500590330 /* Exceptions for "Borkle2" folder in "borkle1conv" target */ = {
			isa = PBXFileSystemSynchronizedBuildFileExceptionSet;
			membershipExceptions = (
				Bubble.swift,
				BubbleSoup.swift,
				CGUtilities.swift,
				Scene.swift,
			);
			target = 7D73FF132F2A755800590330 /* borkle1conv */;
		};
		7DE0B5462EECC49B00BDEB94 /* Exceptions for "Borkle2" folder in "Borkle2" target */ = {
			isa = PBXFileSystemSynchronizedBuildFileExceptionSet;
			membershipExceptions = (
				Info.plist,
			);
			target = 7DE0B51E2EECC49A00BDEB94 /* Borkle2 */;
		};
/* End PBXFileSystemSynchronizedBuildFileExceptionSet section */

/* Begin PBXFileSystemSynchronizedRootGroup section */
		7D73FF152F2A755800590330 /* borkle1conv */ = {
			isa = PBXFileSystemSynchronizedRootGroup;
			path = borkle1conv;
			sourceTree = "<group>";
		};
		7DE0B5212EECC49A00BDEB94 /* Borkle2 */ = {
			isa = PBXFileSystemSynchronizedRootGroup;
			exceptions = (
				7DE0B5462EECC49B00BDEB94 /* Exceptions for "Borkle2" folder in "Borkle2" target */,
				7D73FF202F2A766500590330 /* Exceptions for "Borkle2" folder in "borkle1conv" target */,
			);
			path = Borkle2;
			sourceTree = "<group>";
		};
		7DE0B5372EECC49B00BDEB94 /* Borkle2Tests */ = {
			isa = PBXFileSystemSynchronizedRootGroup;
			path = Borkle2Tests;
			sourceTree = "<group>";
		};
/* End PBXFileSystemSynchronizedRootGroup section */

/* Begin PBXFrameworksBuildPhase section */
		7D73FF112F2A755800590330 /* Frameworks */ = {
			isa = PBXFrameworksBuildPhase;
			buildActionMask = 2147483647;
			files = (
				7D73FF222F2A89E500590330 /* Yams in Frameworks */,
			);
			runOnlyForDeploymentPostprocessing = 0;
		};
		7DE0B51C2EECC49A00BDEB94 /* Frameworks */ = {
			isa = PBXFrameworksBuildPhase;
			buildActionMask = 2147483647;
			files = (
				7DE0B5702EECFC2E00BDEB94 /* Yams in Frameworks */,
			);
			runOnlyForDeploymentPostprocessing = 0;
		};
		7DE0B5312EECC49B00BDEB94 /* Frameworks */ = {
			isa = PBXFrameworksBuildPhase;
			buildActionMask = 2147483647;
			files = (
			);
			runOnlyForDeploymentPostprocessing = 0;
		};
/* End PBXFrameworksBuildPhase section */

/* Begin PBXGroup section */
		7DE0B5162EECC49A00BDEB94 = {
			isa = PBXGroup;
			children = (
				7DE0B5212EECC49A00BDEB94 /* Borkle2 */,
				7DE0B5372EECC49B00BDEB94 /* Borkle2Tests */,
				7D73FF152F2A755800590330 /* borkle1conv */,
				7DE0B56E2EECFC2E00BDEB94 /* Frameworks */,
				7DE0B5202EECC49A00BDEB94 /* Products */,
			);
			sourceTree = "<group>";
		};
		7DE0B5202EECC49A00BDEB94 /* Products */ = {
			isa = PBXGroup;
			children = (
				7DE0B51F2EECC49A00BDEB94 /* Borkle2.app */,
				7DE0B5342EECC49B00BDEB94 /* Borkle2Tests.xctest */,
				7D73FF142F2A755800590330 /* borkle1conv */,
			);
			name = Products;
			sourceTree = "<group>";
		};
		7DE0B56E2EECFC2E00BDEB94 /* Frameworks */ = {
			isa = PBXGroup;
			children = (
			);
			name = Frameworks;
			sourceTree = "<group>";
		};
/* End PBXGroup section */

/* Begin PBXNativeTarget section */
		7D73FF132F2A755800590330 /* borkle1conv */ = {
			isa = PBXNativeTarget;
			buildConfigurationList = 7D73FF182F2A755800590330 /* Build configuration list for PBXNativeTarget "borkle1conv" */;
			buildPhases = (
				7D73FF102F2A755800590330 /* Sources */,
				7D73FF112F2A755800590330 /* Frameworks */,
				7D73FF122F2A755800590330 /* CopyFiles */,
			);
			buildRules = (
			);
			dependencies = (
			);
			fileSystemSynchronizedGroups = (
				7D73FF152F2A755800590330 /* borkle1conv */,
			);
			name = borkle1conv;
			packageProductDependencies = (
				7D73FF212F2A89E500590330 /* Yams */,
			);
			productName = borkle1conv;
			productReference = 7D73FF142F2A755800590330 /* borkle1conv */;
			productType = "com.apple.product-type.tool";
		};
		7DE0B51E2EECC49A00BDEB94 /* Borkle2 */ = {
			isa = PBXNativeTarget;
			buildConfigurationList = 7DE0B5472EECC49B00BDEB94 /* Build configuration list for PBXNativeTarget "Borkle2" */;
			buildPhases = (
				7DE0B51B2EECC49A00BDEB94 /* Sources */,
				7DE0B51C2EECC49A00BDEB94 /* Frameworks */,
				7DE0B51D2EECC49A00BDEB94 /* Resources */,
			);
			buildRules = (
			);
			dependencies = (
			);
			fileSystemSynchronizedGroups = (
				7DE0B5212EECC49A00BDEB94 /* Borkle2 */,
			);
			name = Borkle2;
			packageProductDependencies = (
				7DE0B56F2EECFC2E00BDEB94 /* Yams */,
			);
			productName = Borkle2;
			productReference = 7DE0B51F2EECC49A00BDEB94 /* Borkle2.app */;
			productType = "com.apple.product-type.application";
		};
		7DE0B5332EECC49B00BDEB94 /* Borkle2Tests */ = {
			isa = PBXNativeTarget;
			buildConfigurationList = 7DE0B54C2EECC49B00BDEB94 /* Build configuration list for PBXNativeTarget "Borkle2Tests" */;
			buildPhases = (
				7DE0B5302EECC49B00BDEB94 /* Sources */,
				7DE0B5312EECC49B00BDEB94 /* Frameworks */,
				7DE0B5322EECC49B00BDEB94 /* Resources */,
			);
			buildRules = (
			);
			dependencies = (
				7DE0B5362EECC49B00BDEB94 /* PBXTargetDependency */,
			);
			fileSystemSynchronizedGroups = (
				7DE0B5372EECC49B00BDEB94 /* Borkle2Tests */,
			);
			name = Borkle2Tests;
			packageProductDependencies = (
			);
			productName = Borkle2Tests;
			productReference = 7DE0B5342EECC49B00BDEB94 /* Borkle2Tests.xctest */;
			productType = "com.apple.product-type.bundle.unit-test";
		};
/* End PBXNativeTarget section */

/* Begin PBXProject section */
		7DE0B5172EECC49A00BDEB94 /* Project object */ = {
			isa = PBXProject;
			attributes = {
				BuildIndependentTargetsInParallel = 1;
				LastSwiftUpdateCheck = 1610;
				LastUpgradeCheck = 1610;
				TargetAttributes = {
					7D73FF132F2A755800590330 = {
						CreatedOnToolsVersion = 16.1;
					};
					7DE0B51E2EECC49A00BDEB94 = {
						CreatedOnToolsVersion = 16.1;
					};
					7DE0B5332EECC49B00BDEB94 = {
						CreatedOnToolsVersion = 16.1;
						TestTargetID = 7DE0B51E2EECC49A00BDEB94;
					};
				};
			};
			buildConfigurationList = 7DE0B51A2EECC49A00BDEB94 /* Build configuration list for PBXProject "Borkle2" */;
			developmentRegion = en;
			hasScannedForEncodings = 0;
			knownRegions = (
				en,
				Base,
			);
			mainGroup = 7DE0B5162EECC49A00BDEB94;
			minimizedProjectReferenceProxies = 1;
			packageReferences = (
				7DE0B56B2EECF58900BDEB94 /* XCRemoteSwiftPackageReference "Yams" */,
			);
			preferredProjectObjectVersion = 77;
			productRefGroup = 7DE0B5202EECC49A00BDEB94 /* Products */;
			projectDirPath = "";
			projectRoot = "";
			targets = (
				7DE0B51E2EECC49A00BDEB94 /* Borkle2 */,
				7DE0B5332EECC49B00BDEB94 /* Borkle2Tests */,
				7D73FF132F2A755800590330 /* borkle1conv */,
			);
		};
/* End PBXProject section */

/* Begin PBXResourcesBuildPhase section */
		7DE0B51D2EECC49A00BDEB94 /* Resources */ = {
			isa = PBXResourcesBuildPhase;
			buildActionMask = 2147483647;
			files = (
			);
			runOnlyForDeploymentPostprocessing = 0;
		};
		7DE0B5322EECC49B00BDEB94 /* Resources */ = {
			isa = PBXResourcesBuildPhase;
			buildActionMask = 2147483647;
			files = (
			);
			runOnlyForDeploymentPostprocessing = 0;
		};
/* End PBXResourcesBuildPhase section */

/* Begin PBXSourcesBuildPhase section */
		7D73FF102F2A755800590330 /* Sources */ = {
			isa = PBXSourcesBuildPhase;
			buildActionMask = 2147483647;
			files = (
			);
			runOnlyForDeploymentPostprocessing = 0;
		};
		7DE0B51B2EECC49A00BDEB94 /* Sources */ = {
			isa = PBXSourcesBuildPhase;
			buildActionMask = 2147483647;
			files = (
			);
			runOnlyForDeploymentPostprocessing = 0;
		};
		7DE0B5302EECC49B00BDEB94 /* Sources */ = {
			isa = PBXSourcesBuildPhase;
			buildActionMask = 2147483647;
			files = (
			);
			runOnlyForDeploymentPostprocessing = 0;
		};
/* End PBXSourcesBuildPhase section */

/* Begin PBXTargetDependency section */
		7DE0B5362EECC49B00BDEB94 /* PBXTargetDependency */ = {
			isa = PBXTargetDependency;
			target = 7DE0B51E2EECC49A00BDEB94 /* Borkle2 */;
			targetProxy = 7DE0B5352EECC49B00BDEB94 /* PBXContainerItemProxy */;
		};
/* End PBXTargetDependency section */

/* Begin XCBuildConfiguration section */
		7D73FF192F2A755800590330 /* Debug */ = {
			isa = XCBuildConfiguration;
			buildSettings = {
				CODE_SIGN_STYLE = Automatic;
				DEVELOPMENT_TEAM = 2HBB3G8HCG;
				ENABLE_HARDENED_RUNTIME = YES;
				PRODUCT_NAME = "$(TARGET_NAME)";
				SWIFT_VERSION = 5.0;
			};
			name = Debug;
		};
		7D73FF1A2F2A755800590330 /* Release */ = {
			isa = XCBuildConfiguration;
			buildSettings = {
				CODE_SIGN_STYLE = Automatic;
				DEVELOPMENT_TEAM = 2HBB3G8HCG;
				ENABLE_HARDENED_RUNTIME = YES;
				PRODUCT_NAME = "$(TARGET_NAME)";
				SWIFT_VERSION = 5.0;
			};
			name = Release;
		};
		7DE0B5482EECC49B00BDEB94 /* Debug */ = {
			isa = XCBuildConfiguration;
			buildSettings = {
				ASSETCATALOG_COMPILER_APPICON_NAME = AppIcon;
				ASSETCATALOG_COMPILER_GLOBAL_ACCENT_COLOR_NAME = AccentColor;
				CODE_SIGN_ENTITLEMENTS = Borkle2/Borkle2.entitlements;
				CODE_SIGN_STYLE = Automatic;
				COMBINE_HIDPI_IMAGES = YES;
				CURRENT_PROJECT_VERSION = 1;
				DEVELOPMENT_TEAM = 2HBB3G8HCG;
				ENABLE_HARDENED_RUNTIME = YES;
				GENERATE_INFOPLIST_FILE = YES;
				INFOPLIST_FILE = Borkle2/Info.plist;
				INFOPLIST_KEY_NSHumanReadableCopyright = "";
				INFOPLIST_KEY_NSMainNibFile = MainMenu;
				INFOPLIST_KEY_NSPrincipalClass = NSApplication;
				LD_RUNPATH_SEARCH_PATHS = (
					"$(inherited)",
					"@executable_path/../Frameworks",
				);
				MARKETING_VERSION = 1.0;
				PRODUCT_BUNDLE_IDENTIFIER = com.borkware.Borkle2;
				PRODUCT_NAME = "$(TARGET_NAME)";
				SWIFT_EMIT_LOC_STRINGS = YES;
				SWIFT_VERSION = 5.0;
			};
			name = Debug;
		};
		7DE0B5492EECC49B00BDEB94 /* Release */ = {
			isa = XCBuildConfiguration;
			buildSettings = {
				ASSETCATALOG_COMPILER_APPICON_NAME = AppIcon;
				ASSETCATALOG_COMPILER_GLOBAL_ACCENT_COLOR_NAME = AccentColor;
				CODE_SIGN_ENTITLEMENTS = Borkle2/Borkle2.entitlements;
				CODE_SIGN_STYLE = Automatic;
				COMBINE_HIDPI_IMAGES = YES;
				CURRENT_PROJECT_VERSION = 1;
				DEVELOPMENT_TEAM = 2HBB3G8HCG;
				ENABLE_HARDENED_RUNTIME = YES;
				GENERATE_INFOPLIST_FILE = YES;
				INFOPLIST_FILE = Borkle2/Info.plist;
				INFOPLIST_KEY_NSHumanReadableCopyright = "";
				INFOPLIST_KEY_NSMainNibFile = MainMenu;
				INFOPLIST_KEY_NSPrincipalClass = NSApplication;
				LD_RUNPATH_SEARCH_PATHS = (
					"$(inherited)",
					"@executable_path/../Frameworks",
				);
				MARKETING_VERSION = 1.0;
				PRODUCT_BUNDLE_IDENTIFIER = com.borkware.Borkle2;
				PRODUCT_NAME = "$(TARGET_NAME)";
				SWIFT_EMIT_LOC_STRINGS = YES;
				SWIFT_VERSION = 5.0;
			};
			name = Release;
		};
		7DE0B54A2EECC49B00BDEB94 /* Debug */ = {
			isa = XCBuildConfiguration;
			buildSettings = {
				ALWAYS_SEARCH_USER_PATHS = NO;
				ASSETCATALOG_COMPILER_GENERATE_SWIFT_ASSET_SYMBOL_EXTENSIONS = YES;
				CLANG_ANALYZER_NONNULL = YES;
				CLANG_ANALYZER_NUMBER_OBJECT_CONVERSION = YES_AGGRESSIVE;
				CLANG_CXX_LANGUAGE_STANDARD = "gnu++20";
				CLANG_ENABLE_MODULES = YES;
				CLANG_ENABLE_OBJC_ARC = YES;
				CLANG_ENABLE_OBJC_WEAK = YES;
				CLANG_WARN_BLOCK_CAPTURE_AUTORELEASING = YES;
				CLANG_WARN_BOOL_CONVERSION = YES;
				CLANG_WARN_COMMA = YES;
				CLANG_WARN_CONSTANT_CONVERSION = YES;
				CLANG_WARN_DEPRECATED_OBJC_IMPLEMENTATIONS = YES;
				CLANG_WARN_DIRECT_OBJC_ISA_USAGE = YES_ERROR;
				CLANG_WARN_DOCUMENTATION_COMMENTS = YES;
				CLANG_WARN_EMPTY_BODY = YES;
				CLANG_WARN_ENUM_CONVERSION = YES;
				CLANG_WARN_INFINITE_RECURSION = YES;
				CLANG_WARN_INT_CONVERSION = YES;
				CLANG_WARN_NON_LITERAL_NULL_CONVERSION = YES;
				CLANG_WARN_OBJC_IMPLICIT_RETAIN_SELF = YES;
				CLANG_WARN_OBJC_LITERAL_CONVERSION = YES;
				CLANG_WARN_OBJC_ROOT_CLASS = YES_ERROR;
				CLANG_WARN_QUOTED_INCLUDE_IN_FRAMEWORK_HEADER = YES;
				CLANG_WARN_RANGE_LOOP_ANALYSIS = YES;
				CLANG_WARN_STRICT_PROTOTYPES = YES;
				CLANG_WARN_SUSPICIOUS_MOVE = YES;
				CLANG_WARN_UNGUARDED_AVAILABILITY = YES_AGGRESSIVE;
				CLANG_WARN_UNREACHABLE_CODE = YES;
				CLANG_WARN__DUPLICATE_METHOD_MATCH = YES;
				COPY_PHASE_STRIP = NO;
				DEBUG_INFORMATION_FORMAT = dwarf;
				ENABLE_STRICT_OBJC_MSGSEND = YES;
				ENABLE_TESTABILITY = YES;
				ENABLE_USER_SCRIPT_SANDBOXING = YES;
				GCC_C_LANGUAGE_STANDARD = gnu17;
				GCC_DYNAMIC_NO_PIC = NO;
				GCC_NO_COMMON_BLOCKS = YES;
				GCC_OPTIMIZATION_LEVEL = 0;
				GCC_PREPROCESSOR_DEFINITIONS = (
					"DEBUG=1",
					"$(inherited)",
				);
				GCC_WARN_64_TO_32_BIT_CONVERSION = YES;
				GCC_WARN_ABOUT_RETURN_TYPE = YES_ERROR;
				GCC_WARN_UNDECLARED_SELECTOR = YES;
				GCC_WARN_UNINITIALIZED_AUTOS = YES_AGGRESSIVE;
				GCC_WARN_UNUSED_FUNCTION = YES;
				GCC_WARN_UNUSED_VARIABLE = YES;
				LOCALIZATION_PREFERS_STRING_CATALOGS = YES;
				MACOSX_DEPLOYMENT_TARGET = 15.1;
				MTL_ENABLE_DEBUG_INFO = INCLUDE_SOURCE;
				MTL_FAST_MATH = YES;
				ONLY_ACTIVE_ARCH = YES;
				SDKROOT = macosx;
				SWIFT_ACTIVE_COMPILATION_CONDITIONS = "DEBUG $(inherited)";
				SWIFT_OPTIMIZATION_LEVEL = "-Onone";
			};
			name = Debug;
		};
		7DE0B54B2EECC49B00BDEB94 /* Release */ = {
			isa = XCBuildConfiguration;
			buildSettings = {
				ALWAYS_SEARCH_USER_PATHS = NO;
				ASSETCATALOG_COMPILER_GENERATE_SWIFT_ASSET_SYMBOL_EXTENSIONS = YES;
				CLANG_ANALYZER_NONNULL = YES;
				CLANG_ANALYZER_NUMBER_OBJECT_CONVERSION = YES_AGGRESSIVE;
				CLANG_CXX_LANGUAGE_STANDARD = "gnu++20";
				CLANG_ENABLE_MODULES = YES;
				CLANG_ENABLE_OBJC_ARC = YES;
				CLANG_ENABLE_OBJC_WEAK = YES;
				CLANG_WARN_BLOCK_CAPTURE_AUTORELEASING = YES;
				CLANG_WARN_BOOL_CONVERSION = YES;
				CLANG_WARN_COMMA = YES;
				CLANG_WARN_CONSTANT_CONVERSION = YES;
				CLANG_WARN_DEPRECATED_OBJC_IMPLEMENTATIONS = YES;
				CLANG_WARN_DIRECT_OBJC_ISA_USAGE = YES_ERROR;
				CLANG_WARN_DOCUMENTATION_COMMENTS = YES;
				CLANG_WARN_EMPTY_BODY = YES;
				CLANG_WARN_ENUM_CONVERSION = YES;
				CLANG_WARN_INFINITE_RECURSION = YES;
				CLANG_WARN_INT_CONVERSION = YES;
				CLANG_WARN_NON_LITERAL_NULL_CONVERSION = YES;
				CLANG_WARN_OBJC_IMPLICIT_RETAIN_SELF = YES;
				CLANG_WARN_OBJC_LITERAL_CONVERSION = YES;
				CLANG_WARN_OBJC_ROOT_CLASS = YES_ERROR;
				CLANG_WARN_QUOTED_INCLUDE_IN_FRAMEWORK_HEADER = YES;
				CLANG_WARN_RANGE_LOOP_ANALYSIS = YES;
				CLANG_WARN_STRICT_PROTOTYPES = YES;
				CLANG_WARN_SUSPICIOUS_MOVE = YES;
				CLANG_WARN_UNGUARDED_AVAILABILITY = YES_AGGRESSIVE;
				CLANG_WARN_UNREACHABLE_CODE = YES;
				CLANG_WARN__DUPLICATE_METHOD_MATCH = YES;
				COPY_PHASE_STRIP = NO;
				DEBUG_INFORMATION_FORMAT = "dwarf-with-dsym";
				ENABLE_NS_ASSERTIONS = NO;
				ENABLE_STRICT_OBJC_MSGSEND = YES;
				ENABLE_USER_SCRIPT_SANDBOXING = YES;
				GCC_C_LANGUAGE_STANDARD = gnu17;
				GCC_NO_COMMON_BLOCKS = YES;
				GCC_WARN_64_TO_32_BIT_CONVERSION = YES;
				GCC_WARN_ABOUT_RETURN_TYPE = YES_ERROR;
				GCC_WARN_UNDECLARED_SELECTOR = YES;
				GCC_WARN_UNINITIALIZED_AUTOS = YES_AGGRESSIVE;
				GCC_WARN_UNUSED_FUNCTION = YES;
				GCC_WARN_UNUSED_VARIABLE = YES;
				LOCALIZATION_PREFERS_STRING_CATALOGS = YES;
				MACOSX_DEPLOYMENT_TARGET = 15.1;
				MTL_ENABLE_DEBUG_INFO = NO;
				MTL_FAST_MATH = YES;
				SDKROOT = macosx;
				SWIFT_COMPILATION_MODE = wholemodule;
			};
			name = Release;
		};
		7DE0B54D2EECC49B00BDEB94 /* Debug */ = {
			isa = XCBuildConfiguration;
			buildSettings = {
				BUNDLE_LOADER = "$(TEST_HOST)";
				CODE_SIGN_STYLE = Automatic;
				CURRENT_PROJECT_VERSION = 1;
				DEVELOPMENT_TEAM = 2HBB3G8HCG;
				GENERATE_INFOPLIST_FILE = YES;
				MACOSX_DEPLOYMENT_TARGET = 15.1;
				MARKETING_VERSION = 1.0;
				PRODUCT_BUNDLE_IDENTIFIER = com.borkware.Borkle2Tests;
				PRODUCT_NAME = "$(TARGET_NAME)";
				SWIFT_EMIT_LOC_STRINGS = NO;
				SWIFT_VERSION = 5.0;
				TEST_HOST = "$(BUILT_PRODUCTS_DIR)/Borkle2.app/$(BUNDLE_EXECUTABLE_FOLDER_PATH)/Borkle2";
			};
			name = Debug;
		};
		7DE0B54E2EECC49B00BDEB94 /* Release */ = {
			isa = XCBuildConfiguration;
			buildSettings = {
				BUNDLE_LOADER = "$(TEST_HOST)";
				CODE_SIGN_STYLE = Automatic;
				CURRENT_PROJECT_VERSION = 1;
				DEVELOPMENT_TEAM = 2HBB3G8HCG;
				GENERATE_INFOPLIST_FILE = YES;
				MACOSX_DEPLOYMENT_TARGET = 15.1;
				MARKETING_VERSION = 1.0;
				PRODUCT_BUNDLE_IDENTIFIER = com.borkware.Borkle2Tests;
				PRODUCT_NAME = "$(TARGET_NAME)";
				SWIFT_EMIT_LOC_STRINGS = NO;
				SWIFT_VERSION = 5.0;
				TEST_HOST = "$(BUILT_PRODUCTS_DIR)/Borkle2.app/$(BUNDLE_EXECUTABLE_FOLDER_PATH)/Borkle2";
			};
			name = Release;
		};
/* End XCBuildConfiguration section */

/* Begin XCConfigurationList section */
		7D73FF182F2A755800590330 /* Build configuration list for PBXNativeTarget "borkle1conv" */ = {
			isa = XCConfigurationList;
			buildConfigurations = (
				7D73FF192F2A755800590330 /* Debug */,
				7D73FF1A2F2A755800590330 /* Release */,
			);
			defaultConfigurationIsVisible = 0;
			defaultConfigurationName = Release;
		};
		7DE0B51A2EECC49A00BDEB94 /* Build configuration list for PBXProject "Borkle2" */ = {
			isa = XCConfigurationList;
			buildConfigurations = (
				7DE0B54A2EECC49B00BDEB94 /* Debug */,
				7DE0B54B2EECC49B00BDEB94 /* Release */,
			);
			defaultConfigurationIsVisible = 0;
			defaultConfigurationName = Release;
		};
		7DE0B5472EECC49B00BDEB94 /* Build configuration list for PBXNativeTarget "Borkle2" */ = {
			isa = XCConfigurationList;
			buildConfigurations = (
				7DE0B5482EECC49B00BDEB94 /* Debug */,
				7DE0B5492EECC49B00BDEB94 /* Release */,
			);
			defaultConfigurationIsVisible = 0;
			defaultConfigurationName = Release;
		};
		7DE0B54C2EECC49B00BDEB94 /* Build configuration list for PBXNativeTarget "Borkle2Tests" */ = {
			isa = XCConfigurationList;
			buildConfigurations = (
				7DE0B54D2EECC49B00BDEB94 /* Debug */,
				7DE0B54E2EECC49B00BDEB94 /* Release */,
			);
			defaultConfigurationIsVisible = 0;
			defaultConfigurationName = Release;
		};
/* End XCConfigurationList section */

/* Begin XCRemoteSwiftPackageReference section */
		7DE0B56B2EECF58900BDEB94 /* XCRemoteSwiftPackageReference "Yams" */ = {
			isa = XCRemoteSwiftPackageReference;
			repositoryURL = "https://github.com/jpsim/Yams";
			requirement = {
				kind = upToNextMajorVersion;
				minimumVersion = 6.2.0;
			};
		};
/* End XCRemoteSwiftPackageReference section */

/* Begin XCSwiftPackageProductDependency section */
		7D73FF212F2A89E500590330 /* Yams */ = {
			isa = XCSwiftPackageProductDependency;
			package = 7DE0B56B2EECF58900BDEB94 /* XCRemoteSwiftPackageReference "Yams" */;
			productName = Yams;
		};
		7DE0B56F2EECFC2E00BDEB94 /* Yams */ = {
			isa = XCSwiftPackageProductDependency;
			package = 7DE0B56B2EECF58900BDEB94 /* XCRemoteSwiftPackageReference "Yams" */;
			productName = Yams;
		};
/* End XCSwiftPackageProductDependency section */
	};
	rootObject = 7DE0B5172EECC49A00BDEB94 /* Project object */;
}
